
Microsoft Visual Studio Solution File, Format Version 12.00
# Visual Studio Version 16
VisualStudioVersion = 16.0.30413.136
MinimumVisualStudioVersion = 10.0.40219.1
Project("{9A19103F-16F7-4668-BE54-9A1E7A4F7556}") = "IS7024Project", "IS7024Project\IS7024Project.csproj", "{15DB888E-C71F-4145-9FBC-86337E121135}"
EndProject
Global
	GlobalSection(SolutionConfigurationPlatforms) = preSolution
		Debug|Any CPU = Debug|Any CPU
		Release|Any CPU = Release|Any CPU
	EndGlobalSection
	GlobalSection(ProjectConfigurationPlatforms) = postSolution
		{15DB888E-C71F-4145-9FBC-86337E121135}.Debug|Any CPU.ActiveCfg = Debug|Any CPU
		{15DB888E-C71F-4145-9FBC-86337E121135}.Debug|Any CPU.Build.0 = Debug|Any CPU
		{15DB888E-C71F-4145-9FBC-86337E121135}.Release|Any CPU.ActiveCfg = Release|Any CPU
		{15DB888E-C71F-4145-9FBC-86337E121135}.Release|Any CPU.Build.0 = Release|Any CPU
	EndGlobalSection
	GlobalSection(SolutionProperties) = preSolution
		HideSolutionNode = FALSE
	EndGlobalSection
	GlobalSection(ExtensibilityGlobals) = postSolution
		SolutionGuid = {1381BB7C-4C7B-4108-B040-13DB8AED6D40}
	EndGlobalSection
EndGlobal
